// !$*UTF8*$!
{
	archiveVersion = 1;
	classes = {
	};
	objectVersion = 46;
	objects = {

/* Begin PBXBuildFile section */
		BE196E251C99A2BC006166A1 /* AppDelegate.swift in Sources */ = {isa = PBXBuildFile; fileRef = BE196E241C99A2BC006166A1 /* AppDelegate.swift */; };
		BE196E271C99A2BC006166A1 /* ViewController.swift in Sources */ = {isa = PBXBuildFile; fileRef = BE196E261C99A2BC006166A1 /* ViewController.swift */; };
		BE196E2A1C99A2BC006166A1 /* Main.storyboard in Resources */ = {isa = PBXBuildFile; fileRef = BE196E281C99A2BC006166A1 /* Main.storyboard */; };
		BE196E2C1C99A2BC006166A1 /* Assets.xcassets in Resources */ = {isa = PBXBuildFile; fileRef = BE196E2B1C99A2BC006166A1 /* Assets.xcassets */; };
		BE196E2F1C99A2BC006166A1 /* LaunchScreen.storyboard in Resources */ = {isa = PBXBuildFile; fileRef = BE196E2D1C99A2BC006166A1 /* LaunchScreen.storyboard */; };
		BE196E371C99A2D1006166A1 /* LineView.swift in Sources */ = {isa = PBXBuildFile; fileRef = BE196E361C99A2D1006166A1 /* LineView.swift */; };
		BED901F71C9AE2B0003DF342 /* ShapeView.swift in Sources */ = {isa = PBXBuildFile; fileRef = BED901F61C9AE2B0003DF342 /* ShapeView.swift */; };
/* End PBXBuildFile section */

/* Begin PBXFileReference section */
		BE196E211C99A2BC006166A1 /* Quart2D.app */ = {isa = PBXFileReference; explicitFileType = wrapper.application; includeInIndex = 0; path = Quart2D.app; sourceTree = BUILT_PRODUCTS_DIR; };
		BE196E241C99A2BC006166A1 /* AppDelegate.swift */ = {isa = PBXFileReference; lastKnownFileType = sourcecode.swift; path = AppDelegate.swift; sourceTree = "<group>"; };
		BE196E261C99A2BC006166A1 /* ViewController.swift */ = {isa = PBXFileReference; lastKnownFileType = sourcecode.swift; path = ViewController.swift; sourceTree = "<group>"; };
		BE196E291C99A2BC006166A1 /* Base */ = {isa = PBXFileReference; lastKnownFileType = file.storyboard; name = Base; path = Base.lproj/Main.storyboard; sourceTree = "<group>"; };
		BE196E2B1C99A2BC006166A1 /* Assets.xcassets */ = {isa = PBXFileReference; lastKnownFileType = folder.assetcatalog; path = Assets.xcassets; sourceTree = "<group>"; };
		BE196E2E1C99A2BC006166A1 /* Base */ = {isa = PBXFileReference; lastKnownFileType = file.storyboard; name = Base; path = Base.lproj/LaunchScreen.storyboard; sourceTree = "<group>"; };
		BE196E301C99A2BC006166A1 /* Info.plist */ = {isa = PBXFileReference; lastKnownFileType = text.plist.xml; path = Info.plist; sourceTree = "<group>"; };
		BE196E361C99A2D1006166A1 /* LineView.swift */ = {isa = PBXFileReference; fileEncoding = 4; lastKnownFileType = sourcecode.swift; path = LineView.swift; sourceTree = "<group>"; };
		BED901F61C9AE2B0003DF342 /* ShapeView.swift */ = {isa = PBXFileReference; fileEncoding = 4; lastKnownFileType = sourcecode.swift; path = ShapeView.swift; sourceTree = "<group>"; };
/* End PBXFileReference section */

/* Begin PBXFrameworksBuildPhase section */
		BE196E1E1C99A2BC006166A1 /* Frameworks */ = {
			isa = PBXFrameworksBuildPhase;
			buildActionMask = 2147483647;
			files = (
			);
			runOnlyForDeploymentPostprocessing = 0;
		};
/* End PBXFrameworksBuildPhase section */

/* Begin PBXGroup section */
		BE196E181C99A2BC006166A1 = {
			isa = PBXGroup;
			children = (
				BE196E231C99A2BC006166A1 /* Quart2D */,
				BE196E221C99A2BC006166A1 /* Products */,
			);
			sourceTree = "<group>";
		};
		BE196E221C99A2BC006166A1 /* Products */ = {
			isa = PBXGroup;
			children = (
				BE196E211C99A2BC006166A1 /* Quart2D.app */,
			);
			name = Products;
			sourceTree = "<group>";
		};
		BE196E231C99A2BC006166A1 /* Quart2D */ = {
			isa = PBXGroup;
			children = (
				BE196E241C99A2BC006166A1 /* AppDelegate.swift */,
				BE196E261C99A2BC006166A1 /* ViewController.swift */,
				BE196E281C99A2BC006166A1 /* Main.storyboard */,
				BE196E2B1C99A2BC006166A1 /* Assets.xcassets */,
				BE196E2D1C99A2BC006166A1 /* LaunchScreen.storyboard */,
				BE196E301C99A2BC006166A1 /* Info.plist */,
				BE196E361C99A2D1006166A1 /* LineView.swift */,
				BED901F61C9AE2B0003DF342 /* ShapeView.swift */,
			);
			path = Quart2D;
			sourceTree = "<group>";
		};
/* End PBXGroup section */

/* Begin PBXNativeTarget section */
		BE196E201C99A2BC006166A1 /* Quart2D */ = {
			isa = PBXNativeTarget;
			buildConfigurationList = BE196E331C99A2BC006166A1 /* Build configuration list for PBXNativeTarget "Quart2D" */;
			buildPhases = (
				BE196E1D1C99A2BC006166A1 /* Sources */,
				BE196E1E1C99A2BC006166A1 /* Frameworks */,
				BE196E1F1C99A2BC006166A1 /* Resources */,
			);
			buildRules = (
			);
			dependencies = (
			);
			name = Quart2D;
			productName = Quart2D;
			productReference = BE196E211C99A2BC006166A1 /* Quart2D.app */;
			productType = "com.apple.product-type.application";
		};
/* End PBXNativeTarget section */

/* Begin PBXProject section */
		BE196E191C99A2BC006166A1 /* Project object */ = {
			isa = PBXProject;
			attributes = {
				LastSwiftUpdateCheck = 0710;
				LastUpgradeCheck = 0710;
				ORGANIZATIONNAME = "梁传飞";
				TargetAttributes = {
					BE196E201C99A2BC006166A1 = {
						CreatedOnToolsVersion = 7.1;
						DevelopmentTeam = 2EY7Q8C52T;
					};
				};
			};
			buildConfigurationList = BE196E1C1C99A2BC006166A1 /* Build configuration list for PBXProject "Quart2D" */;
			compatibilityVersion = "Xcode 3.2";
			developmentRegion = English;
			hasScannedForEncodings = 0;
			knownRegions = (
				en,
				Base,
			);
			mainGroup = BE196E181C99A2BC006166A1;
			productRefGroup = BE196E221C99A2BC006166A1 /* Products */;
			projectDirPath = "";
			projectRoot = "";
			targets = (
				BE196E201C99A2BC006166A1 /* Quart2D */,
			);
		};
/* End PBXProject section */

/* Begin PBXResourcesBuildPhase section */
		BE196E1F1C99A2BC006166A1 /* Resources */ = {
			isa = PBXResourcesBuildPhase;
			buildActionMask = 2147483647;
			files = (
				BE196E2F1C99A2BC006166A1 /* LaunchScreen.storyboard in Resources */,
				BE196E2C1C99A2BC006166A1 /* Assets.xcassets in Resources */,
				BE196E2A1C99A2BC006166A1 /* Main.storyboard in Resources */,
			);
			runOnlyForDeploymentPostprocessing = 0;
		};
/* End PBXResourcesBuildPhase section */

/* Begin PBXSourcesBuildPhase section */
		BE196E1D1C99A2BC006166A1 /* Sources */ = {
			isa = PBXSourcesBuildPhase;
			buildActionMask = 2147483647;
			files = (
				BE196E271C99A2BC006166A1 /* ViewController.swift in Sources */,
				BE196E251C99A2BC006166A1 /* AppDelegate.swift in Sources */,
				BED901F71C9AE2B0003DF342 /* ShapeView.swift in Sources */,
				BE196E371C99A2D1006166A1 /* LineView.swift in Sources */,
			);
			runOnlyForDeploymentPostprocessing = 0;
		};
/* End PBXSourcesBuildPhase section */

/* Begin PBXVariantGroup section */
		BE196E281C99A2BC006166A1 /* Main.storyboard */ = {
			isa = PBXVariantGroup;
			children = (
				BE196E291C99A2BC006166A1 /* Base */,
			);
			name = Main.storyboard;
			sourceTree = "<group>";
		};
		BE196E2D1C99A2BC006166A1 /* LaunchScreen.storyboard */ = {
			isa = PBXVariantGroup;
			children = (
				BE196E2E1C99A2BC006166A1 /* Base */,
			);
			name = LaunchScreen.storyboard;
			sourceTree = "<group>";
		};
/* End PBXVariantGroup section */

/* Begin XCBuildConfiguration section */
		BE196E311C99A2BC006166A1 /* Debug */ = {
			isa = XCBuildConfiguration;
			buildSettings = {
				ALWAYS_SEARCH_USER_PATHS = NO;
				CLANG_CXX_LANGUAGE_STANDARD = "gnu++0x";
				CLANG_CXX_LIBRARY = "libc++";
				CLANG_ENABLE_MODULES = YES;
				CLANG_ENABLE_OBJC_ARC = YES;
				CLANG_WARN_BOOL_CONVERSION = YES;
				CLANG_WARN_CONSTANT_CONVERSION = YES;
				CLANG_WARN_DIRECT_OBJC_ISA_USAGE = YES_ERROR;
				CLANG_WARN_EMPTY_BODY = YES;
				CLANG_WARN_ENUM_CONVERSION = YES;
				CLANG_WARN_INT_CONVERSION = YES;
				CLANG_WARN_OBJC_ROOT_CLASS = YES_ERROR;
				CLANG_WARN_UNREACHABLE_CODE = YES;
				CLANG_WARN__DUPLICATE_METHOD_MATCH = YES;
				"CODE_SIGN_IDENTITY[sdk=iphoneos*]" = "iPhone Developer";
				COPY_PHASE_STRIP = NO;
				DEBUG_INFORMATION_FORMAT = dwarf;
				ENABLE_STRICT_OBJC_MSGSEND = YES;
				ENABLE_TESTABILITY = YES;
				GCC_C_LANGUAGE_STANDARD = gnu99;
				GCC_DYNAMIC_NO_PIC = NO;
				GCC_NO_COMMON_BLOCKS = YES;
				GCC_OPTIMIZATION_LEVEL = 0;
				GCC_PREPROCESSOR_DEFINITIONS = (
					"DEBUG=1",
					"$(inherited)",
				);
				GCC_WARN_64_TO_32_BIT_CONVERSION = YES;
				GCC_WARN_ABOUT_RETURN_TYPE = YES_ERROR;
				GCC_WARN_UNDECLARED_SELECTOR = YES;
				GCC_WARN_UNINITIALIZED_AUTOS = YES_AGGRESSIVE;
				GCC_WARN_UNUSED_FUNCTION = YES;
				GCC_WARN_UNUSED_VARIABLE = YES;
				IPHONEOS_DEPLOYMENT_TARGET = 9.1;
				MTL_ENABLE_DEBUG_INFO = YES;
				ONLY_ACTIVE_ARCH = YES;
				SDKROOT = iphoneos;
				SWIFT_OPTIMIZATION_LEVEL = "-Onone";
				TARGETED_DEVICE_FAMILY = "1,2";
			};
			name = Debug;
		};
		BE196E321C99A2BC006166A1 /* Release */ = {
			isa = XCBuildConfiguration;
			buildSettings = {
				ALWAYS_SEARCH_USER_PATHS = NO;
				CLANG_CXX_LANGUAGE_STANDARD = "gnu++0x";
				CLANG_CXX_LIBRARY = "libc++";
				CLANG_ENABLE_MODULES = YES;
				CLANG_ENABLE_OBJC_ARC = YES;
				CLANG_WARN_BOOL_CONVERSION = YES;
				CLANG_WARN_CONSTANT_CONVERSION = YES;
				CLANG_WARN_DIRECT_OBJC_ISA_USAGE = YES_ERROR;
				CLANG_WARN_EMPTY_BODY = YES;
				CLANG_WARN_ENUM_CONVERSION = YES;
				CLANG_WARN_INT_CONVERSION = YES;
				CLANG_WARN_OBJC_ROOT_CLASS = YES_ERROR;
				CLANG_WARN_UNREACHABLE_CODE = YES;
				CLANG_WARN__DUPLICATE_METHOD_MATCH = YES;
				"CODE_SIGN_IDENTITY[sdk=iphoneos*]" = "iPhone Developer";
				COPY_PHASE_STRIP = NO;
				DEBUG_INFORMATION_FORMAT = "dwarf-with-dsym";
				ENABLE_NS_ASSERTIONS = NO;
				ENABLE_STRICT_OBJC_MSGSEND = YES;
				GCC_C_LANGUAGE_STANDARD = gnu99;
				GCC_NO_COMMON_BLOCKS = YES;
				GCC_WARN_64_TO_32_BIT_CONVERSION = YES;
				GCC_WARN_ABOUT_RETURN_TYPE = YES_ERROR;
				GCC_WARN_UNDECLARED_SELECTOR = YES;
				GCC_WARN_UNINITIALIZED_AUTOS = YES_AGGRESSIVE;
				GCC_WARN_UNUSED_FUNCTION = YES;
				GCC_WARN_UNUSED_VARIABLE = YES;
				IPHONEOS_DEPLOYMENT_TARGET = 9.1;
				MTL_ENABLE_DEBUG_INFO = NO;
				SDKROOT = iphoneos;
				TARGETED_DEVICE_FAMILY = "1,2";
				VALIDATE_PRODUCT = YES;
			};
			name = Release;
		};
		BE196E341C99A2BC006166A1 /* Debug */ = {
			isa = XCBuildConfiguration;
			buildSettings = {
				ASSETCATALOG_COMPILER_APPICON_NAME = AppIcon;
				INFOPLIST_FILE = Quart2D/Info.plist;
				LD_RUNPATH_SEARCH_PATHS = "$(inherited) @executable_path/Frameworks";
				PRODUCT_BUNDLE_IDENTIFIER = flyer.Quart2D;
				PRODUCT_NAME = "$(TARGET_NAME)";
			};
			name = Debug;
		};
		BE196E351C99A2BC006166A1 /* Release */ = {
			isa = XCBuildConfiguration;
			buildSettings = {
				ASSETCATALOG_COMPILER_APPICON_NAME = AppIcon;
				INFOPLIST_FILE = Quart2D/Info.plist;
				LD_RUNPATH_SEARCH_PATHS = "$(inherited) @executable_path/Frameworks";
				PRODUCT_BUNDLE_IDENTIFIER = flyer.Quart2D;
				PRODUCT_NAME = "$(TARGET_NAME)";
			};
			name = Release;
		};
/* End XCBuildConfiguration section */

/* Begin XCConfigurationList section */
		BE196E1C1C99A2BC006166A1 /* Build configuration list for PBXProject "Quart2D" */ = {
			isa = XCConfigurationList;
			buildConfigurations = (
				BE196E311C99A2BC006166A1 /* Debug */,
				BE196E321C99A2BC006166A1 /* Release */,
			);
			defaultConfigurationIsVisible = 0;
			defaultConfigurationName = Release;
		};
		BE196E331C99A2BC006166A1 /* Build configuration list for PBXNativeTarget "Quart2D" */ = {
			isa = XCConfigurationList;
			buildConfigurations = (
				BE196E341C99A2BC006166A1 /* Debug */,
				BE196E351C99A2BC006166A1 /* Release */,
			);
			defaultConfigurationIsVisible = 0;
			defaultConfigurationName = Release;
		};
/* End XCConfigurationList section */
	};
	rootObject = BE196E191C99A2BC006166A1 /* Project object */;
}
